
Microsoft Visual Studio Solution File, Format Version 12.00
# Visual Studio Version 17
VisualStudioVersion = 17.3.32825.248
MinimumVisualStudioVersion = 10.0.40219.1
Project("{8BC9CEB8-8B4A-11D0-8D11-00A0C91BC942}") = "CG", "CG\CG.vcxproj", "{2EEB05CC-CE5C-465C-9782-9385EC25151A}"
EndProject
Global
	GlobalSection(SolutionConfigurationPlatforms) = preSolution
		Debug|x64 = Debug|x64
		Debug|x86 = Debug|x86
		Release|x64 = Release|x64
		Release|x86 = Release|x86
	EndGlobalSection
	GlobalSection(ProjectConfigurationPlatforms) = postSolution
		{2EEB05CC-CE5C-465C-9782-9385EC25151A}.Debug|x64.ActiveCfg = Debug|x64
		{2EEB05CC-CE5C-465C-9782-9385EC25151A}.Debug|x64.Build.0 = Debug|x64
		{2EEB05CC-CE5C-465C-9782-9385EC25151A}.Debug|x86.ActiveCfg = Debug|Win32
		{2EEB05CC-CE5C-465C-9782-9385EC25151A}.Debug|x86.Build.0 = Debug|Win32
		{2EEB05CC-CE5C-465C-9782-9385EC25151A}.Release|x64.ActiveCfg = Release|x64
		{2EEB05CC-CE5C-465C-9782-9385EC25151A}.Release|x64.Build.0 = Release|x64
		{2EEB05CC-CE5C-465C-9782-9385EC25151A}.Release|x86.ActiveCfg = Release|Win32
		{2EEB05CC-CE5C-465C-9782-9385EC25151A}.Release|x86.Build.0 = Release|Win32
	EndGlobalSection
	GlobalSection(SolutionProperties) = preSolution
		HideSolutionNode = FALSE
	EndGlobalSection
	GlobalSection(ExtensibilityGlobals) = postSolution
		SolutionGuid = {4690FF3D-F78B-4757-8431-40707FD15107}
	EndGlobalSection
EndGlobal
